---
sources:
- type: git
  name: ruby/gem_rbs_collection
  revision: a4c633634493ab7ae73219022f56acff56ab69af
  remote: https://github.com/ruby/gem_rbs_collection.git
  repo_dir: gems
path: ".gem_rbs_collection"
gems:
- name: abbrev
  version: '0'
  source:
    type: stdlib
- name: io-console
  version: '0'
  source:
    type: stdlib
- name: json
  version: '0'
  source:
    type: stdlib
- name: logger
  version: '0'
  source:
    type: stdlib
- name: monitor
  version: '0'
  source:
    type: stdlib
- name: optparse
  version: '0'
  source:
    type: stdlib
- name: pathname
  version: '0'
  source:
    type: stdlib
- name: rbs
  version: 3.2.0
  source:
    type: rubygems
- name: rdoc
  version: '0'
  source:
    type: stdlib
- name: rgot
  version: 1.4.0
  source:
    type: rubygems
- name: tsort
  version: '0'
  source:
    type: stdlib
gemfile_lock_path: Gemfile.lock
