---
sources:
- type: git
  name: ruby/gem_rbs_collection
  revision: d0d7aeed98fa74427b30b336fc402ea86d526f35
  remote: https://github.com/ruby/gem_rbs_collection.git
  repo_dir: gems
path: ".gem_rbs_collection"
gems:
- name: abbrev
  version: '0'
  source:
    type: stdlib
- name: io-console
  version: '0'
  source:
    type: stdlib
- name: json
  version: '0'
  source:
    type: stdlib
- name: logger
  version: '0'
  source:
    type: stdlib
- name: monitor
  version: '0'
  source:
    type: stdlib
- name: optparse
  version: '0'
  source:
    type: stdlib
- name: pathname
  version: '0'
  source:
    type: stdlib
- name: rbs
  version: 3.1.0
  source:
    type: rubygems
- name: rdoc
  version: '0'
  source:
    type: stdlib
- name: rgot
  version: 1.3.0
  source:
    type: rubygems
- name: tsort
  version: '0'
  source:
    type: stdlib
gemfile_lock_path: Gemfile.lock
